
Microsoft Visual Studio Solution File, Format Version 12.00
# Visual Studio Version 17
VisualStudioVersion = 17.4.33205.214
MinimumVisualStudioVersion = 10.0.40219.1
Project("{FAE04EC0-301F-11D3-BF4B-00C04F79EFBC}") = "AvlTreeScheduler", "AvlTreeScheduler\AvlTreeScheduler.csproj", "{58B266A3-DCC7-4E03-B5D5-4377EF3CFDA5}"
EndProject
Project("{FAE04EC0-301F-11D3-BF4B-00C04F79EFBC}") = "Bitlush.AvlTree", "lib\Bitlush.AvlTree\Bitlush.AvlTree.csproj", "{A14B4C98-27C7-421F-BB43-98BA24B55AF6}"
EndProject
Global
	GlobalSection(SolutionConfigurationPlatforms) = preSolution
		Debug|Any CPU = Debug|Any CPU
		Release|Any CPU = Release|Any CPU
	EndGlobalSection
	GlobalSection(ProjectConfigurationPlatforms) = postSolution
		{58B266A3-DCC7-4E03-B5D5-4377EF3CFDA5}.Debug|Any CPU.ActiveCfg = Debug|Any CPU
		{58B266A3-DCC7-4E03-B5D5-4377EF3CFDA5}.Debug|Any CPU.Build.0 = Debug|Any CPU
		{58B266A3-DCC7-4E03-B5D5-4377EF3CFDA5}.Release|Any CPU.ActiveCfg = Release|Any CPU
		{58B266A3-DCC7-4E03-B5D5-4377EF3CFDA5}.Release|Any CPU.Build.0 = Release|Any CPU
		{A14B4C98-27C7-421F-BB43-98BA24B55AF6}.Debug|Any CPU.ActiveCfg = Debug|Any CPU
		{A14B4C98-27C7-421F-BB43-98BA24B55AF6}.Debug|Any CPU.Build.0 = Debug|Any CPU
		{A14B4C98-27C7-421F-BB43-98BA24B55AF6}.Release|Any CPU.ActiveCfg = Release|Any CPU
		{A14B4C98-27C7-421F-BB43-98BA24B55AF6}.Release|Any CPU.Build.0 = Release|Any CPU
	EndGlobalSection
	GlobalSection(SolutionProperties) = preSolution
		HideSolutionNode = FALSE
	EndGlobalSection
	GlobalSection(ExtensibilityGlobals) = postSolution
		SolutionGuid = {E0480310-AF3E-4906-9E3D-77BA27EAD261}
	EndGlobalSection
EndGlobal
